
Microsoft Visual Studio Solution File, Format Version 12.00
# Visual Studio Version 17
VisualStudioVersion = 17.4.33213.308
MinimumVisualStudioVersion = 10.0.40219.1
Project("{FAE04EC0-301F-11D3-BF4B-00C04F79EFBC}") = "SongTrainer", "SongTrainer\SongTrainer.csproj", "{5C525981-BAA1-462E-BB7F-70FB2AF5EFAC}"
EndProject
Global
	GlobalSection(SolutionConfigurationPlatforms) = preSolution
		Debug|Any CPU = Debug|Any CPU
		Release|Any CPU = Release|Any CPU
	EndGlobalSection
	GlobalSection(ProjectConfigurationPlatforms) = postSolution
		{5C525981-BAA1-462E-BB7F-70FB2AF5EFAC}.Debug|Any CPU.ActiveCfg = Debug|Any CPU
		{5C525981-BAA1-462E-BB7F-70FB2AF5EFAC}.Debug|Any CPU.Build.0 = Debug|Any CPU
		{5C525981-BAA1-462E-BB7F-70FB2AF5EFAC}.Release|Any CPU.ActiveCfg = Release|Any CPU
		{5C525981-BAA1-462E-BB7F-70FB2AF5EFAC}.Release|Any CPU.Build.0 = Release|Any CPU
	EndGlobalSection
	GlobalSection(SolutionProperties) = preSolution
		HideSolutionNode = FALSE
	EndGlobalSection
	GlobalSection(ExtensibilityGlobals) = postSolution
		SolutionGuid = {F2E3B6B2-49D7-462E-AB0D-9045BE56B858}
	EndGlobalSection
EndGlobal
